// !$*UTF8*$!
{
	archiveVersion = 1;
	classes = {
	};
	objectVersion = 50;
	objects = {

/* Begin PBXBuildFile section */
		4ECF417A227C987500067B8A /* AppDelegate.swift in Sources */ = {isa = PBXBuildFile; fileRef = 4ECF4179227C987500067B8A /* AppDelegate.swift */; };
		4ECF417C227C987500067B8A /* ViewController.swift in Sources */ = {isa = PBXBuildFile; fileRef = 4ECF417B227C987500067B8A /* ViewController.swift */; };
		4ECF417F227C987500067B8A /* Main.storyboard in Resources */ = {isa = PBXBuildFile; fileRef = 4ECF417D227C987500067B8A /* Main.storyboard */; };
		4ECF4181227C987700067B8A /* Assets.xcassets in Resources */ = {isa = PBXBuildFile; fileRef = 4ECF4180227C987700067B8A /* Assets.xcassets */; };
		4ECF4184227C987700067B8A /* LaunchScreen.storyboard in Resources */ = {isa = PBXBuildFile; fileRef = 4ECF4182227C987700067B8A /* LaunchScreen.storyboard */; };
		4ECF418F227C987700067B8A /* Regal_ExpressTests.swift in Sources */ = {isa = PBXBuildFile; fileRef = 4ECF418E227C987700067B8A /* Regal_ExpressTests.swift */; };
		4ECF419A227C987700067B8A /* Regal_ExpressUITests.swift in Sources */ = {isa = PBXBuildFile; fileRef = 4ECF4199227C987700067B8A /* Regal_ExpressUITests.swift */; };
/* End PBXBuildFile section */

/* Begin PBXContainerItemProxy section */
		4ECF418B227C987700067B8A /* PBXContainerItemProxy */ = {
			isa = PBXContainerItemProxy;
			containerPortal = 4ECF416E227C987500067B8A /* Project object */;
			proxyType = 1;
			remoteGlobalIDString = 4ECF4175227C987500067B8A;
			remoteInfo = "Regal Express";
		};
		4ECF4196227C987700067B8A /* PBXContainerItemProxy */ = {
			isa = PBXContainerItemProxy;
			containerPortal = 4ECF416E227C987500067B8A /* Project object */;
			proxyType = 1;
			remoteGlobalIDString = 4ECF4175227C987500067B8A;
			remoteInfo = "Regal Express";
		};
/* End PBXContainerItemProxy section */

/* Begin PBXFileReference section */
		4ECF4176227C987500067B8A /* Regal Express.app */ = {isa = PBXFileReference; explicitFileType = wrapper.application; includeInIndex = 0; path = "Regal Express.app"; sourceTree = BUILT_PRODUCTS_DIR; };
		4ECF4179227C987500067B8A /* AppDelegate.swift */ = {isa = PBXFileReference; lastKnownFileType = sourcecode.swift; path = AppDelegate.swift; sourceTree = "<group>"; };
		4ECF417B227C987500067B8A /* ViewController.swift */ = {isa = PBXFileReference; lastKnownFileType = sourcecode.swift; path = ViewController.swift; sourceTree = "<group>"; };
		4ECF417E227C987500067B8A /* Base */ = {isa = PBXFileReference; lastKnownFileType = file.storyboard; name = Base; path = Base.lproj/Main.storyboard; sourceTree = "<group>"; };
		4ECF4180227C987700067B8A /* Assets.xcassets */ = {isa = PBXFileReference; lastKnownFileType = folder.assetcatalog; path = Assets.xcassets; sourceTree = "<group>"; };
		4ECF4183227C987700067B8A /* Base */ = {isa = PBXFileReference; lastKnownFileType = file.storyboard; name = Base; path = Base.lproj/LaunchScreen.storyboard; sourceTree = "<group>"; };
		4ECF4185227C987700067B8A /* Info.plist */ = {isa = PBXFileReference; lastKnownFileType = text.plist.xml; path = Info.plist; sourceTree = "<group>"; };
		4ECF418A227C987700067B8A /* Regal ExpressTests.xctest */ = {isa = PBXFileReference; explicitFileType = wrapper.cfbundle; includeInIndex = 0; path = "Regal ExpressTests.xctest"; sourceTree = BUILT_PRODUCTS_DIR; };
		4ECF418E227C987700067B8A /* Regal_ExpressTests.swift */ = {isa = PBXFileReference; lastKnownFileType = sourcecode.swift; path = Regal_ExpressTests.swift; sourceTree = "<group>"; };
		4ECF4190227C987700067B8A /* Info.plist */ = {isa = PBXFileReference; lastKnownFileType = text.plist.xml; path = Info.plist; sourceTree = "<group>"; };
		4ECF4195227C987700067B8A /* Regal ExpressUITests.xctest */ = {isa = PBXFileReference; explicitFileType = wrapper.cfbundle; includeInIndex = 0; path = "Regal ExpressUITests.xctest"; sourceTree = BUILT_PRODUCTS_DIR; };
		4ECF4199227C987700067B8A /* Regal_ExpressUITests.swift */ = {isa = PBXFileReference; lastKnownFileType = sourcecode.swift; path = Regal_ExpressUITests.swift; sourceTree = "<group>"; };
		4ECF419B227C987700067B8A /* Info.plist */ = {isa = PBXFileReference; lastKnownFileType = text.plist.xml; path = Info.plist; sourceTree = "<group>"; };
/* End PBXFileReference section */

/* Begin PBXFrameworksBuildPhase section */
		4ECF4173227C987500067B8A /* Frameworks */ = {
			isa = PBXFrameworksBuildPhase;
			buildActionMask = 2147483647;
			files = (
			);
			runOnlyForDeploymentPostprocessing = 0;
		};
		4ECF4187227C987700067B8A /* Frameworks */ = {
			isa = PBXFrameworksBuildPhase;
			buildActionMask = 2147483647;
			files = (
			);
			runOnlyForDeploymentPostprocessing = 0;
		};
		4ECF4192227C987700067B8A /* Frameworks */ = {
			isa = PBXFrameworksBuildPhase;
			buildActionMask = 2147483647;
			files = (
			);
			runOnlyForDeploymentPostprocessing = 0;
		};
/* End PBXFrameworksBuildPhase section */

/* Begin PBXGroup section */
		4ECF416D227C987500067B8A = {
			isa = PBXGroup;
			children = (
				4ECF4178227C987500067B8A /* Regal Express */,
				4ECF418D227C987700067B8A /* Regal ExpressTests */,
				4ECF4198227C987700067B8A /* Regal ExpressUITests */,
				4ECF4177227C987500067B8A /* Products */,
			);
			sourceTree = "<group>";
		};
		4ECF4177227C987500067B8A /* Products */ = {
			isa = PBXGroup;
			children = (
				4ECF4176227C987500067B8A /* Regal Express.app */,
				4ECF418A227C987700067B8A /* Regal ExpressTests.xctest */,
				4ECF4195227C987700067B8A /* Regal ExpressUITests.xctest */,
			);
			name = Products;
			sourceTree = "<group>";
		};
		4ECF4178227C987500067B8A /* Regal Express */ = {
			isa = PBXGroup;
			children = (
				4ECF4179227C987500067B8A /* AppDelegate.swift */,
				4ECF417B227C987500067B8A /* ViewController.swift */,
				4ECF417D227C987500067B8A /* Main.storyboard */,
				4ECF4180227C987700067B8A /* Assets.xcassets */,
				4ECF4182227C987700067B8A /* LaunchScreen.storyboard */,
				4ECF4185227C987700067B8A /* Info.plist */,
			);
			path = "Regal Express";
			sourceTree = "<group>";
		};
		4ECF418D227C987700067B8A /* Regal ExpressTests */ = {
			isa = PBXGroup;
			children = (
				4ECF418E227C987700067B8A /* Regal_ExpressTests.swift */,
				4ECF4190227C987700067B8A /* Info.plist */,
			);
			path = "Regal ExpressTests";
			sourceTree = "<group>";
		};
		4ECF4198227C987700067B8A /* Regal ExpressUITests */ = {
			isa = PBXGroup;
			children = (
				4ECF4199227C987700067B8A /* Regal_ExpressUITests.swift */,
				4ECF419B227C987700067B8A /* Info.plist */,
			);
			path = "Regal ExpressUITests";
			sourceTree = "<group>";
		};
/* End PBXGroup section */

/* Begin PBXNativeTarget section */
		4ECF4175227C987500067B8A /* Regal Express */ = {
			isa = PBXNativeTarget;
			buildConfigurationList = 4ECF419E227C987700067B8A /* Build configuration list for PBXNativeTarget "Regal Express" */;
			buildPhases = (
				4ECF4172227C987500067B8A /* Sources */,
				4ECF4173227C987500067B8A /* Frameworks */,
				4ECF4174227C987500067B8A /* Resources */,
			);
			buildRules = (
			);
			dependencies = (
			);
			name = "Regal Express";
			productName = "Regal Express";
			productReference = 4ECF4176227C987500067B8A /* Regal Express.app */;
			productType = "com.apple.product-type.application";
		};
		4ECF4189227C987700067B8A /* Regal ExpressTests */ = {
			isa = PBXNativeTarget;
			buildConfigurationList = 4ECF41A1227C987700067B8A /* Build configuration list for PBXNativeTarget "Regal ExpressTests" */;
			buildPhases = (
				4ECF4186227C987700067B8A /* Sources */,
				4ECF4187227C987700067B8A /* Frameworks */,
				4ECF4188227C987700067B8A /* Resources */,
			);
			buildRules = (
			);
			dependencies = (
				4ECF418C227C987700067B8A /* PBXTargetDependency */,
			);
			name = "Regal ExpressTests";
			productName = "Regal ExpressTests";
			productReference = 4ECF418A227C987700067B8A /* Regal ExpressTests.xctest */;
			productType = "com.apple.product-type.bundle.unit-test";
		};
		4ECF4194227C987700067B8A /* Regal ExpressUITests */ = {
			isa = PBXNativeTarget;
			buildConfigurationList = 4ECF41A4227C987700067B8A /* Build configuration list for PBXNativeTarget "Regal ExpressUITests" */;
			buildPhases = (
				4ECF4191227C987700067B8A /* Sources */,
				4ECF4192227C987700067B8A /* Frameworks */,
				4ECF4193227C987700067B8A /* Resources */,
			);
			buildRules = (
			);
			dependencies = (
				4ECF4197227C987700067B8A /* PBXTargetDependency */,
			);
			name = "Regal ExpressUITests";
			productName = "Regal ExpressUITests";
			productReference = 4ECF4195227C987700067B8A /* Regal ExpressUITests.xctest */;
			productType = "com.apple.product-type.bundle.ui-testing";
		};
/* End PBXNativeTarget section */

/* Begin PBXProject section */
		4ECF416E227C987500067B8A /* Project object */ = {
			isa = PBXProject;
			attributes = {
				LastSwiftUpdateCheck = 1010;
				LastUpgradeCheck = 1010;
				ORGANIZATIONNAME = akood;
				TargetAttributes = {
					4ECF4175227C987500067B8A = {
						CreatedOnToolsVersion = 10.1;
					};
					4ECF4189227C987700067B8A = {
						CreatedOnToolsVersion = 10.1;
						TestTargetID = 4ECF4175227C987500067B8A;
					};
					4ECF4194227C987700067B8A = {
						CreatedOnToolsVersion = 10.1;
						TestTargetID = 4ECF4175227C987500067B8A;
					};
				};
			};
			buildConfigurationList = 4ECF4171227C987500067B8A /* Build configuration list for PBXProject "Regal Express" */;
			compatibilityVersion = "Xcode 9.3";
			developmentRegion = en;
			hasScannedForEncodings = 0;
			knownRegions = (
				en,
				Base,
			);
			mainGroup = 4ECF416D227C987500067B8A;
			productRefGroup = 4ECF4177227C987500067B8A /* Products */;
			projectDirPath = "";
			projectRoot = "";
			targets = (
				4ECF4175227C987500067B8A /* Regal Express */,
				4ECF4189227C987700067B8A /* Regal ExpressTests */,
				4ECF4194227C987700067B8A /* Regal ExpressUITests */,
			);
		};
/* End PBXProject section */

/* Begin PBXResourcesBuildPhase section */
		4ECF4174227C987500067B8A /* Resources */ = {
			isa = PBXResourcesBuildPhase;
			buildActionMask = 2147483647;
			files = (
				4ECF4184227C987700067B8A /* LaunchScreen.storyboard in Resources */,
				4ECF4181227C987700067B8A /* Assets.xcassets in Resources */,
				4ECF417F227C987500067B8A /* Main.storyboard in Resources */,
			);
			runOnlyForDeploymentPostprocessing = 0;
		};
		4ECF4188227C987700067B8A /* Resources */ = {
			isa = PBXResourcesBuildPhase;
			buildActionMask = 2147483647;
			files = (
			);
			runOnlyForDeploymentPostprocessing = 0;
		};
		4ECF4193227C987700067B8A /* Resources */ = {
			isa = PBXResourcesBuildPhase;
			buildActionMask = 2147483647;
			files = (
			);
			runOnlyForDeploymentPostprocessing = 0;
		};
/* End PBXResourcesBuildPhase section */

/* Begin PBXSourcesBuildPhase section */
		4ECF4172227C987500067B8A /* Sources */ = {
			isa = PBXSourcesBuildPhase;
			buildActionMask = 2147483647;
			files = (
				4ECF417C227C987500067B8A /* ViewController.swift in Sources */,
				4ECF417A227C987500067B8A /* AppDelegate.swift in Sources */,
			);
			runOnlyForDeploymentPostprocessing = 0;
		};
		4ECF4186227C987700067B8A /* Sources */ = {
			isa = PBXSourcesBuildPhase;
			buildActionMask = 2147483647;
			files = (
				4ECF418F227C987700067B8A /* Regal_ExpressTests.swift in Sources */,
			);
			runOnlyForDeploymentPostprocessing = 0;
		};
		4ECF4191227C987700067B8A /* Sources */ = {
			isa = PBXSourcesBuildPhase;
			buildActionMask = 2147483647;
			files = (
				4ECF419A227C987700067B8A /* Regal_ExpressUITests.swift in Sources */,
			);
			runOnlyForDeploymentPostprocessing = 0;
		};
/* End PBXSourcesBuildPhase section */

/* Begin PBXTargetDependency section */
		4ECF418C227C987700067B8A /* PBXTargetDependency */ = {
			isa = PBXTargetDependency;
			target = 4ECF4175227C987500067B8A /* Regal Express */;
			targetProxy = 4ECF418B227C987700067B8A /* PBXContainerItemProxy */;
		};
		4ECF4197227C987700067B8A /* PBXTargetDependency */ = {
			isa = PBXTargetDependency;
			target = 4ECF4175227C987500067B8A /* Regal Express */;
			targetProxy = 4ECF4196227C987700067B8A /* PBXContainerItemProxy */;
		};
/* End PBXTargetDependency section */

/* Begin PBXVariantGroup section */
		4ECF417D227C987500067B8A /* Main.storyboard */ = {
			isa = PBXVariantGroup;
			children = (
				4ECF417E227C987500067B8A /* Base */,
			);
			name = Main.storyboard;
			sourceTree = "<group>";
		};
		4ECF4182227C987700067B8A /* LaunchScreen.storyboard */ = {
			isa = PBXVariantGroup;
			children = (
				4ECF4183227C987700067B8A /* Base */,
			);
			name = LaunchScreen.storyboard;
			sourceTree = "<group>";
		};
/* End PBXVariantGroup section */

/* Begin XCBuildConfiguration section */
		4ECF419C227C987700067B8A /* Debug */ = {
			isa = XCBuildConfiguration;
			buildSettings = {
				ALWAYS_SEARCH_USER_PATHS = NO;
				CLANG_ANALYZER_NONNULL = YES;
				CLANG_ANALYZER_NUMBER_OBJECT_CONVERSION = YES_AGGRESSIVE;
				CLANG_CXX_LANGUAGE_STANDARD = "gnu++14";
				CLANG_CXX_LIBRARY = "libc++";
				CLANG_ENABLE_MODULES = YES;
				CLANG_ENABLE_OBJC_ARC = YES;
				CLANG_ENABLE_OBJC_WEAK = YES;
				CLANG_WARN_BLOCK_CAPTURE_AUTORELEASING = YES;
				CLANG_WARN_BOOL_CONVERSION = YES;
				CLANG_WARN_COMMA = YES;
				CLANG_WARN_CONSTANT_CONVERSION = YES;
				CLANG_WARN_DEPRECATED_OBJC_IMPLEMENTATIONS = YES;
				CLANG_WARN_DIRECT_OBJC_ISA_USAGE = YES_ERROR;
				CLANG_WARN_DOCUMENTATION_COMMENTS = YES;
				CLANG_WARN_EMPTY_BODY = YES;
				CLANG_WARN_ENUM_CONVERSION = YES;
				CLANG_WARN_INFINITE_RECURSION = YES;
				CLANG_WARN_INT_CONVERSION = YES;
				CLANG_WARN_NON_LITERAL_NULL_CONVERSION = YES;
				CLANG_WARN_OBJC_IMPLICIT_RETAIN_SELF = YES;
				CLANG_WARN_OBJC_LITERAL_CONVERSION = YES;
				CLANG_WARN_OBJC_ROOT_CLASS = YES_ERROR;
				CLANG_WARN_RANGE_LOOP_ANALYSIS = YES;
				CLANG_WARN_STRICT_PROTOTYPES = YES;
				CLANG_WARN_SUSPICIOUS_MOVE = YES;
				CLANG_WARN_UNGUARDED_AVAILABILITY = YES_AGGRESSIVE;
				CLANG_WARN_UNREACHABLE_CODE = YES;
				CLANG_WARN__DUPLICATE_METHOD_MATCH = YES;
				CODE_SIGN_IDENTITY = "iPhone Developer";
				COPY_PHASE_STRIP = NO;
				DEBUG_INFORMATION_FORMAT = dwarf;
				ENABLE_STRICT_OBJC_MSGSEND = YES;
				ENABLE_TESTABILITY = YES;
				GCC_C_LANGUAGE_STANDARD = gnu11;
				GCC_DYNAMIC_NO_PIC = NO;
				GCC_NO_COMMON_BLOCKS = YES;
				GCC_OPTIMIZATION_LEVEL = 0;
				GCC_PREPROCESSOR_DEFINITIONS = (
					"DEBUG=1",
					"$(inherited)",
				);
				GCC_WARN_64_TO_32_BIT_CONVERSION = YES;
				GCC_WARN_ABOUT_RETURN_TYPE = YES_ERROR;
				GCC_WARN_UNDECLARED_SELECTOR = YES;
				GCC_WARN_UNINITIALIZED_AUTOS = YES_AGGRESSIVE;
				GCC_WARN_UNUSED_FUNCTION = YES;
				GCC_WARN_UNUSED_VARIABLE = YES;
				IPHONEOS_DEPLOYMENT_TARGET = 12.1;
				MTL_ENABLE_DEBUG_INFO = INCLUDE_SOURCE;
				MTL_FAST_MATH = YES;
				ONLY_ACTIVE_ARCH = YES;
				SDKROOT = iphoneos;
				SWIFT_ACTIVE_COMPILATION_CONDITIONS = DEBUG;
				SWIFT_OPTIMIZATION_LEVEL = "-Onone";
			};
			name = Debug;
		};
		4ECF419D227C987700067B8A /* Release */ = {
			isa = XCBuildConfiguration;
			buildSettings = {
				ALWAYS_SEARCH_USER_PATHS = NO;
				CLANG_ANALYZER_NONNULL = YES;
				CLANG_ANALYZER_NUMBER_OBJECT_CONVERSION = YES_AGGRESSIVE;
				CLANG_CXX_LANGUAGE_STANDARD = "gnu++14";
				CLANG_CXX_LIBRARY = "libc++";
				CLANG_ENABLE_MODULES = YES;
				CLANG_ENABLE_OBJC_ARC = YES;
				CLANG_ENABLE_OBJC_WEAK = YES;
				CLANG_WARN_BLOCK_CAPTURE_AUTORELEASING = YES;
				CLANG_WARN_BOOL_CONVERSION = YES;
				CLANG_WARN_COMMA = YES;
				CLANG_WARN_CONSTANT_CONVERSION = YES;
				CLANG_WARN_DEPRECATED_OBJC_IMPLEMENTATIONS = YES;
				CLANG_WARN_DIRECT_OBJC_ISA_USAGE = YES_ERROR;
				CLANG_WARN_DOCUMENTATION_COMMENTS = YES;
				CLANG_WARN_EMPTY_BODY = YES;
				CLANG_WARN_ENUM_CONVERSION = YES;
				CLANG_WARN_INFINITE_RECURSION = YES;
				CLANG_WARN_INT_CONVERSION = YES;
				CLANG_WARN_NON_LITERAL_NULL_CONVERSION = YES;
				CLANG_WARN_OBJC_IMPLICIT_RETAIN_SELF = YES;
				CLANG_WARN_OBJC_LITERAL_CONVERSION = YES;
				CLANG_WARN_OBJC_ROOT_CLASS = YES_ERROR;
				CLANG_WARN_RANGE_LOOP_ANALYSIS = YES;
				CLANG_WARN_STRICT_PROTOTYPES = YES;
				CLANG_WARN_SUSPICIOUS_MOVE = YES;
				CLANG_WARN_UNGUARDED_AVAILABILITY = YES_AGGRESSIVE;
				CLANG_WARN_UNREACHABLE_CODE = YES;
				CLANG_WARN__DUPLICATE_METHOD_MATCH = YES;
				CODE_SIGN_IDENTITY = "iPhone Developer";
				COPY_PHASE_STRIP = NO;
				DEBUG_INFORMATION_FORMAT = "dwarf-with-dsym";
				ENABLE_NS_ASSERTIONS = NO;
				ENABLE_STRICT_OBJC_MSGSEND = YES;
				GCC_C_LANGUAGE_STANDARD = gnu11;
				GCC_NO_COMMON_BLOCKS = YES;
				GCC_WARN_64_TO_32_BIT_CONVERSION = YES;
				GCC_WARN_ABOUT_RETURN_TYPE = YES_ERROR;
				GCC_WARN_UNDECLARED_SELECTOR = YES;
				GCC_WARN_UNINITIALIZED_AUTOS = YES_AGGRESSIVE;
				GCC_WARN_UNUSED_FUNCTION = YES;
				GCC_WARN_UNUSED_VARIABLE = YES;
				IPHONEOS_DEPLOYMENT_TARGET = 12.1;
				MTL_ENABLE_DEBUG_INFO = NO;
				MTL_FAST_MATH = YES;
				SDKROOT = iphoneos;
				SWIFT_COMPILATION_MODE = wholemodule;
				SWIFT_OPTIMIZATION_LEVEL = "-O";
				VALIDATE_PRODUCT = YES;
			};
			name = Release;
		};
		4ECF419F227C987700067B8A /* Debug */ = {
			isa = XCBuildConfiguration;
			buildSettings = {
				ASSETCATALOG_COMPILER_APPICON_NAME = AppIcon;
				CODE_SIGN_STYLE = Automatic;
				INFOPLIST_FILE = "Regal Express/Info.plist";
				LD_RUNPATH_SEARCH_PATHS = (
					"$(inherited)",
					"@executable_path/Frameworks",
				);
				PRODUCT_BUNDLE_IDENTIFIER = "com.example.Regal-Express";
				PRODUCT_NAME = "$(TARGET_NAME)";
				SWIFT_VERSION = 4.2;
				TARGETED_DEVICE_FAMILY = "1,2";
			};
			name = Debug;
		};
		4ECF41A0227C987700067B8A /* Release */ = {
			isa = XCBuildConfiguration;
			buildSettings = {
				ASSETCATALOG_COMPILER_APPICON_NAME = AppIcon;
				CODE_SIGN_STYLE = Automatic;
				INFOPLIST_FILE = "Regal Express/Info.plist";
				LD_RUNPATH_SEARCH_PATHS = (
					"$(inherited)",
					"@executable_path/Frameworks",
				);
				PRODUCT_BUNDLE_IDENTIFIER = "com.example.Regal-Express";
				PRODUCT_NAME = "$(TARGET_NAME)";
				SWIFT_VERSION = 4.2;
				TARGETED_DEVICE_FAMILY = "1,2";
			};
			name = Release;
		};
		4ECF41A2227C987700067B8A /* Debug */ = {
			isa = XCBuildConfiguration;
			buildSettings = {
				ALWAYS_EMBED_SWIFT_STANDARD_LIBRARIES = YES;
				BUNDLE_LOADER = "$(TEST_HOST)";
				CODE_SIGN_STYLE = Automatic;
				INFOPLIST_FILE = "Regal ExpressTests/Info.plist";
				LD_RUNPATH_SEARCH_PATHS = (
					"$(inherited)",
					"@executable_path/Frameworks",
					"@loader_path/Frameworks",
				);
				PRODUCT_BUNDLE_IDENTIFIER = "com.example.Regal-ExpressTests";
				PRODUCT_NAME = "$(TARGET_NAME)";
				SWIFT_VERSION = 4.2;
				TARGETED_DEVICE_FAMILY = "1,2";
				TEST_HOST = "$(BUILT_PRODUCTS_DIR)/Regal Express.app/Regal Express";
			};
			name = Debug;
		};
		4ECF41A3227C987700067B8A /* Release */ = {
			isa = XCBuildConfiguration;
			buildSettings = {
				ALWAYS_EMBED_SWIFT_STANDARD_LIBRARIES = YES;
				BUNDLE_LOADER = "$(TEST_HOST)";
				CODE_SIGN_STYLE = Automatic;
				INFOPLIST_FILE = "Regal ExpressTests/Info.plist";
				LD_RUNPATH_SEARCH_PATHS = (
					"$(inherited)",
					"@executable_path/Frameworks",
					"@loader_path/Frameworks",
				);
				PRODUCT_BUNDLE_IDENTIFIER = "com.example.Regal-ExpressTests";
				PRODUCT_NAME = "$(TARGET_NAME)";
				SWIFT_VERSION = 4.2;
				TARGETED_DEVICE_FAMILY = "1,2";
				TEST_HOST = "$(BUILT_PRODUCTS_DIR)/Regal Express.app/Regal Express";
			};
			name = Release;
		};
		4ECF41A5227C987700067B8A /* Debug */ = {
			isa = XCBuildConfiguration;
			buildSettings = {
				ALWAYS_EMBED_SWIFT_STANDARD_LIBRARIES = YES;
				CODE_SIGN_STYLE = Automatic;
				INFOPLIST_FILE = "Regal ExpressUITests/Info.plist";
				LD_RUNPATH_SEARCH_PATHS = (
					"$(inherited)",
					"@executable_path/Frameworks",
					"@loader_path/Frameworks",
				);
				PRODUCT_BUNDLE_IDENTIFIER = "com.example.Regal-ExpressUITests";
				PRODUCT_NAME = "$(TARGET_NAME)";
				SWIFT_VERSION = 4.2;
				TARGETED_DEVICE_FAMILY = "1,2";
				TEST_TARGET_NAME = "Regal Express";
			};
			name = Debug;
		};
		4ECF41A6227C987700067B8A /* Release */ = {
			isa = XCBuildConfiguration;
			buildSettings = {
				ALWAYS_EMBED_SWIFT_STANDARD_LIBRARIES = YES;
				CODE_SIGN_STYLE = Automatic;
				INFOPLIST_FILE = "Regal ExpressUITests/Info.plist";
				LD_RUNPATH_SEARCH_PATHS = (
					"$(inherited)",
					"@executable_path/Frameworks",
					"@loader_path/Frameworks",
				);
				PRODUCT_BUNDLE_IDENTIFIER = "com.example.Regal-ExpressUITests";
				PRODUCT_NAME = "$(TARGET_NAME)";
				SWIFT_VERSION = 4.2;
				TARGETED_DEVICE_FAMILY = "1,2";
				TEST_TARGET_NAME = "Regal Express";
			};
			name = Release;
		};
/* End XCBuildConfiguration section */

/* Begin XCConfigurationList section */
		4ECF4171227C987500067B8A /* Build configuration list for PBXProject "Regal Express" */ = {
			isa = XCConfigurationList;
			buildConfigurations = (
				4ECF419C227C987700067B8A /* Debug */,
				4ECF419D227C987700067B8A /* Release */,
			);
			defaultConfigurationIsVisible = 0;
			defaultConfigurationName = Release;
		};
		4ECF419E227C987700067B8A /* Build configuration list for PBXNativeTarget "Regal Express" */ = {
			isa = XCConfigurationList;
			buildConfigurations = (
				4ECF419F227C987700067B8A /* Debug */,
				4ECF41A0227C987700067B8A /* Release */,
			);
			defaultConfigurationIsVisible = 0;
			defaultConfigurationName = Release;
		};
		4ECF41A1227C987700067B8A /* Build configuration list for PBXNativeTarget "Regal ExpressTests" */ = {
			isa = XCConfigurationList;
			buildConfigurations = (
				4ECF41A2227C987700067B8A /* Debug */,
				4ECF41A3227C987700067B8A /* Release */,
			);
			defaultConfigurationIsVisible = 0;
			defaultConfigurationName = Release;
		};
		4ECF41A4227C987700067B8A /* Build configuration list for PBXNativeTarget "Regal ExpressUITests" */ = {
			isa = XCConfigurationList;
			buildConfigurations = (
				4ECF41A5227C987700067B8A /* Debug */,
				4ECF41A6227C987700067B8A /* Release */,
			);
			defaultConfigurationIsVisible = 0;
			defaultConfigurationName = Release;
		};
/* End XCConfigurationList section */
	};
	rootObject = 4ECF416E227C987500067B8A /* Project object */;
}
